
Microsoft Visual Studio Solution File, Format Version 12.00
# Visual Studio Version 17
VisualStudioVersion = 17.0.31903.59
MinimumVisualStudioVersion = 10.0.40219.1
Project("{FAE04EC0-301F-11D3-BF4B-00C04F79EFBC}") = "MPPM.Cryptography", "MPPM.Cryptography\MPPM.Cryptography.csproj", "{BB463179-E250-4D05-B3F2-64311D129AC3}"
EndProject
Project("{FAE04EC0-301F-11D3-BF4B-00C04F79EFBC}") = "MPPM.P2P", "MPPM.P2P\MPPM.P2P.csproj", "{F2C7491C-6FC0-42AB-8AD5-8B5F7B79B841}"
EndProject
Global
	GlobalSection(SolutionConfigurationPlatforms) = preSolution
		Debug|Any CPU = Debug|Any CPU
		Release|Any CPU = Release|Any CPU
	EndGlobalSection
	GlobalSection(SolutionProperties) = preSolution
		HideSolutionNode = FALSE
	EndGlobalSection
	GlobalSection(ProjectConfigurationPlatforms) = postSolution
		{BB463179-E250-4D05-B3F2-64311D129AC3}.Debug|Any CPU.ActiveCfg = Debug|Any CPU
		{BB463179-E250-4D05-B3F2-64311D129AC3}.Debug|Any CPU.Build.0 = Debug|Any CPU
		{BB463179-E250-4D05-B3F2-64311D129AC3}.Release|Any CPU.ActiveCfg = Release|Any CPU
		{BB463179-E250-4D05-B3F2-64311D129AC3}.Release|Any CPU.Build.0 = Release|Any CPU
		{F2C7491C-6FC0-42AB-8AD5-8B5F7B79B841}.Debug|Any CPU.ActiveCfg = Debug|Any CPU
		{F2C7491C-6FC0-42AB-8AD5-8B5F7B79B841}.Debug|Any CPU.Build.0 = Debug|Any CPU
		{F2C7491C-6FC0-42AB-8AD5-8B5F7B79B841}.Release|Any CPU.ActiveCfg = Release|Any CPU
		{F2C7491C-6FC0-42AB-8AD5-8B5F7B79B841}.Release|Any CPU.Build.0 = Release|Any CPU
	EndGlobalSection
EndGlobal
