
Microsoft Visual Studio Solution File, Format Version 12.00
# Visual Studio Version 17
VisualStudioVersion = 17.0.31903.59
MinimumVisualStudioVersion = 10.0.40219.1
Project("{FAE04EC0-301F-11D3-BF4B-00C04F79EFBC}") = "MPPM.Cryptography", "MPPM.Cryptography\MPPM.Cryptography.csproj", "{BB463179-E250-4D05-B3F2-64311D129AC3}"
EndProject
Project("{FAE04EC0-301F-11D3-BF4B-00C04F79EFBC}") = "MPPM.P2P", "MPPM.P2P\MPPM.P2P.csproj", "{F2C7491C-6FC0-42AB-8AD5-8B5F7B79B841}"
EndProject
Project("{FAE04EC0-301F-11D3-BF4B-00C04F79EFBC}") = "MPPM.Cryptography.Tests", "MPPM.Cryptography.Tests\MPPM.Cryptography.Tests.csproj", "{AAB87963-B258-46CB-9BA6-19E939CE6E1C}"
EndProject
Project("{FAE04EC0-301F-11D3-BF4B-00C04F79EFBC}") = "MPPM.UI.Terminal", "MPPM.UI.Terminal\MPPM.UI.Terminal.csproj", "{704F4B23-AD55-402F-8DFC-8198ADFB8AE2}"
EndProject
Project("{FAE04EC0-301F-11D3-BF4B-00C04F79EFBC}") = "MPPM.UI.Common", "MPPM.UI.Common\MPPM.UI.Common.csproj", "{A807C4AD-CBC1-44D6-97BD-582DE9047D04}"
EndProject
Project("{2150E333-8FDC-42A3-9474-1A3956D46DE8}") = "UI", "UI", "{BA79CBE2-A19B-4372-94C9-4E47FEB6C492}"
EndProject
Project("{2150E333-8FDC-42A3-9474-1A3956D46DE8}") = "Vault", "Vault", "{025FE95D-AFDC-41A6-8111-3F948094C422}"
EndProject
Project("{FAE04EC0-301F-11D3-BF4B-00C04F79EFBC}") = "MPPM.Vault", "MPPM.Vault\MPPM.Vault.csproj", "{3C8B7701-D5CE-4A5D-B40C-2F641C522E01}"
EndProject
Global
	GlobalSection(SolutionConfigurationPlatforms) = preSolution
		Debug|Any CPU = Debug|Any CPU
		Release|Any CPU = Release|Any CPU
	EndGlobalSection
	GlobalSection(SolutionProperties) = preSolution
		HideSolutionNode = FALSE
	EndGlobalSection
	GlobalSection(ProjectConfigurationPlatforms) = postSolution
		{BB463179-E250-4D05-B3F2-64311D129AC3}.Debug|Any CPU.ActiveCfg = Debug|Any CPU
		{BB463179-E250-4D05-B3F2-64311D129AC3}.Debug|Any CPU.Build.0 = Debug|Any CPU
		{BB463179-E250-4D05-B3F2-64311D129AC3}.Release|Any CPU.ActiveCfg = Release|Any CPU
		{BB463179-E250-4D05-B3F2-64311D129AC3}.Release|Any CPU.Build.0 = Release|Any CPU
		{F2C7491C-6FC0-42AB-8AD5-8B5F7B79B841}.Debug|Any CPU.ActiveCfg = Debug|Any CPU
		{F2C7491C-6FC0-42AB-8AD5-8B5F7B79B841}.Debug|Any CPU.Build.0 = Debug|Any CPU
		{F2C7491C-6FC0-42AB-8AD5-8B5F7B79B841}.Release|Any CPU.ActiveCfg = Release|Any CPU
		{F2C7491C-6FC0-42AB-8AD5-8B5F7B79B841}.Release|Any CPU.Build.0 = Release|Any CPU
		{AAB87963-B258-46CB-9BA6-19E939CE6E1C}.Debug|Any CPU.ActiveCfg = Debug|Any CPU
		{AAB87963-B258-46CB-9BA6-19E939CE6E1C}.Debug|Any CPU.Build.0 = Debug|Any CPU
		{AAB87963-B258-46CB-9BA6-19E939CE6E1C}.Release|Any CPU.ActiveCfg = Release|Any CPU
		{AAB87963-B258-46CB-9BA6-19E939CE6E1C}.Release|Any CPU.Build.0 = Release|Any CPU
		{704F4B23-AD55-402F-8DFC-8198ADFB8AE2}.Debug|Any CPU.ActiveCfg = Debug|Any CPU
		{704F4B23-AD55-402F-8DFC-8198ADFB8AE2}.Debug|Any CPU.Build.0 = Debug|Any CPU
		{704F4B23-AD55-402F-8DFC-8198ADFB8AE2}.Release|Any CPU.ActiveCfg = Release|Any CPU
		{704F4B23-AD55-402F-8DFC-8198ADFB8AE2}.Release|Any CPU.Build.0 = Release|Any CPU
		{A807C4AD-CBC1-44D6-97BD-582DE9047D04}.Debug|Any CPU.ActiveCfg = Debug|Any CPU
		{A807C4AD-CBC1-44D6-97BD-582DE9047D04}.Debug|Any CPU.Build.0 = Debug|Any CPU
		{A807C4AD-CBC1-44D6-97BD-582DE9047D04}.Release|Any CPU.ActiveCfg = Release|Any CPU
		{A807C4AD-CBC1-44D6-97BD-582DE9047D04}.Release|Any CPU.Build.0 = Release|Any CPU
		{3C8B7701-D5CE-4A5D-B40C-2F641C522E01}.Debug|Any CPU.ActiveCfg = Debug|Any CPU
		{3C8B7701-D5CE-4A5D-B40C-2F641C522E01}.Debug|Any CPU.Build.0 = Debug|Any CPU
		{3C8B7701-D5CE-4A5D-B40C-2F641C522E01}.Release|Any CPU.ActiveCfg = Release|Any CPU
		{3C8B7701-D5CE-4A5D-B40C-2F641C522E01}.Release|Any CPU.Build.0 = Release|Any CPU
	EndGlobalSection
	GlobalSection(NestedProjects) = preSolution
		{704F4B23-AD55-402F-8DFC-8198ADFB8AE2} = {BA79CBE2-A19B-4372-94C9-4E47FEB6C492}
		{A807C4AD-CBC1-44D6-97BD-582DE9047D04} = {BA79CBE2-A19B-4372-94C9-4E47FEB6C492}
		{3C8B7701-D5CE-4A5D-B40C-2F641C522E01} = {025FE95D-AFDC-41A6-8111-3F948094C422}
	EndGlobalSection
EndGlobal
